
Microsoft Visual Studio Solution File, Format Version 12.00
# Visual Studio Version 17
VisualStudioVersion = 17.10.35013.160
MinimumVisualStudioVersion = 10.0.40219.1
Project("{FAE04EC0-301F-11D3-BF4B-00C04F79EFBC}") = "Aplicacion5363922", "Aplicacion5363922\Aplicacion5363922.csproj", "{BFD909D8-A69D-4CFA-B25C-78A649E9EBA6}"
EndProject
Global
	GlobalSection(SolutionConfigurationPlatforms) = preSolution
		Debug|Any CPU = Debug|Any CPU
		Release|Any CPU = Release|Any CPU
	EndGlobalSection
	GlobalSection(ProjectConfigurationPlatforms) = postSolution
		{BFD909D8-A69D-4CFA-B25C-78A649E9EBA6}.Debug|Any CPU.ActiveCfg = Debug|Any CPU
		{BFD909D8-A69D-4CFA-B25C-78A649E9EBA6}.Debug|Any CPU.Build.0 = Debug|Any CPU
		{BFD909D8-A69D-4CFA-B25C-78A649E9EBA6}.Debug|Any CPU.Deploy.0 = Debug|Any CPU
		{BFD909D8-A69D-4CFA-B25C-78A649E9EBA6}.Release|Any CPU.ActiveCfg = Release|Any CPU
		{BFD909D8-A69D-4CFA-B25C-78A649E9EBA6}.Release|Any CPU.Build.0 = Release|Any CPU
		{BFD909D8-A69D-4CFA-B25C-78A649E9EBA6}.Release|Any CPU.Deploy.0 = Release|Any CPU
	EndGlobalSection
	GlobalSection(SolutionProperties) = preSolution
		HideSolutionNode = FALSE
	EndGlobalSection
	GlobalSection(ExtensibilityGlobals) = postSolution
		SolutionGuid = {6DD953B3-ACF8-4286-B4AC-DDC110049AC7}
	EndGlobalSection
EndGlobal
